
Microsoft Visual Studio Solution File, Format Version 12.00
# Visual Studio 15
Project("{FAE04EC0-301F-11D3-BF4B-00C04F79EFBC}") = "Assembly-CSharp", "Assembly-CSharp.csproj", "{33E30B2A-B578-338C-B5F5-63795A0121AB}"
EndProject
Global
	GlobalSection(SolutionConfigurationPlatforms) = preSolution
		Debug|Any CPU = Debug|Any CPU
		Release|Any CPU = Release|Any CPU
	EndGlobalSection
	GlobalSection(ProjectConfigurationPlatforms) = postSolution
		{33E30B2A-B578-338C-B5F5-63795A0121AB}.Debug|Any CPU.ActiveCfg = Debug|Any CPU
		{33E30B2A-B578-338C-B5F5-63795A0121AB}.Debug|Any CPU.Build.0 = Debug|Any CPU
		{33E30B2A-B578-338C-B5F5-63795A0121AB}.Release|Any CPU.ActiveCfg = Release|Any CPU
		{33E30B2A-B578-338C-B5F5-63795A0121AB}.Release|Any CPU.Build.0 = Release|Any CPU
	EndGlobalSection
	GlobalSection(SolutionProperties) = preSolution
		HideSolutionNode = FALSE
	EndGlobalSection
EndGlobal
